
Microsoft Visual Studio Solution File, Format Version 12.00
# Visual Studio Version 17
VisualStudioVersion = 17.8.34316.72
MinimumVisualStudioVersion = 10.0.40219.1
Project("{FAE04EC0-301F-11D3-BF4B-00C04F79EFBC}") = "MedLog-TelegramBot", "MedLog-TelegramBot.csproj", "{37C3E305-4AA4-412F-A208-99772F7F160C}"
EndProject
Global
	GlobalSection(SolutionConfigurationPlatforms) = preSolution
		Debug|Any CPU = Debug|Any CPU
		Release|Any CPU = Release|Any CPU
	EndGlobalSection
	GlobalSection(ProjectConfigurationPlatforms) = postSolution
		{37C3E305-4AA4-412F-A208-99772F7F160C}.Debug|Any CPU.ActiveCfg = Debug|Any CPU
		{37C3E305-4AA4-412F-A208-99772F7F160C}.Debug|Any CPU.Build.0 = Debug|Any CPU
		{37C3E305-4AA4-412F-A208-99772F7F160C}.Release|Any CPU.ActiveCfg = Release|Any CPU
		{37C3E305-4AA4-412F-A208-99772F7F160C}.Release|Any CPU.Build.0 = Release|Any CPU
	EndGlobalSection
	GlobalSection(SolutionProperties) = preSolution
		HideSolutionNode = FALSE
	EndGlobalSection
	GlobalSection(ExtensibilityGlobals) = postSolution
		SolutionGuid = {F1E7E1D2-EEBD-40B6-B5FB-62919F8E09B9}
	EndGlobalSection
EndGlobal
